// !$*UTF8*$!
{
	archiveVersion = 1;
	classes = {
	};
	objectVersion = 56;
	objects = {

/* Begin PBXBuildFile section */
		C412296F2B0F728500A0DBCD /* PhotoSaver.swift in Sources */ = {isa = PBXBuildFile; fileRef = C412296E2B0F728500A0DBCD /* PhotoSaver.swift */; };
		C4D03A002B0A33DB00FBFA01 /* PexelsDemoApp.swift in Sources */ = {isa = PBXBuildFile; fileRef = C4D039FF2B0A33DB00FBFA01 /* PexelsDemoApp.swift */; };
		C4D03A022B0A33DB00FBFA01 /* PhotoListView.swift in Sources */ = {isa = PBXBuildFile; fileRef = C4D03A012B0A33DB00FBFA01 /* PhotoListView.swift */; };
		C4D03A2B2B0A348600FBFA01 /* PhotoListViewModel.swift in Sources */ = {isa = PBXBuildFile; fileRef = C4D03A2A2B0A348600FBFA01 /* PhotoListViewModel.swift */; };
		C4D03A2F2B0A357400FBFA01 /* PhotoService.swift in Sources */ = {isa = PBXBuildFile; fileRef = C4D03A2E2B0A357400FBFA01 /* PhotoService.swift */; };
		C4D03A312B0A35EC00FBFA01 /* PhotoDto.swift in Sources */ = {isa = PBXBuildFile; fileRef = C4D03A302B0A35EC00FBFA01 /* PhotoDto.swift */; };
		C4D03A332B0A372800FBFA01 /* PhotoPageDto.swift in Sources */ = {isa = PBXBuildFile; fileRef = C4D03A322B0A372800FBFA01 /* PhotoPageDto.swift */; };
		C4D03A362B0A5B4F00FBFA01 /* Photo.swift in Sources */ = {isa = PBXBuildFile; fileRef = C4D03A352B0A5B4F00FBFA01 /* Photo.swift */; };
		C4D03A382B0A5B5800FBFA01 /* PhotoPage.swift in Sources */ = {isa = PBXBuildFile; fileRef = C4D03A372B0A5B5800FBFA01 /* PhotoPage.swift */; };
		C4D03A3B2B0A73A400FBFA01 /* PhotoView.swift in Sources */ = {isa = PBXBuildFile; fileRef = C4D03A3A2B0A73A400FBFA01 /* PhotoView.swift */; };
		C4D284FA2B0A9F7800B408B7 /* PhotoViewModel.swift in Sources */ = {isa = PBXBuildFile; fileRef = C4D284F92B0A9F7800B408B7 /* PhotoViewModel.swift */; };
/* End PBXBuildFile section */

/* Begin PBXContainerItemProxy section */
		C4D03A0D2B0A33DC00FBFA01 /* PBXContainerItemProxy */ = {
			isa = PBXContainerItemProxy;
			containerPortal = C4D039F42B0A33DB00FBFA01 /* Project object */;
			proxyType = 1;
			remoteGlobalIDString = C4D039FB2B0A33DB00FBFA01;
			remoteInfo = PexelsDemo;
		};
		C4D03A172B0A33DC00FBFA01 /* PBXContainerItemProxy */ = {
			isa = PBXContainerItemProxy;
			containerPortal = C4D039F42B0A33DB00FBFA01 /* Project object */;
			proxyType = 1;
			remoteGlobalIDString = C4D039FB2B0A33DB00FBFA01;
			remoteInfo = PexelsDemo;
		};
/* End PBXContainerItemProxy section */

/* Begin PBXFileReference section */
		C412296E2B0F728500A0DBCD /* PhotoSaver.swift */ = {isa = PBXFileReference; lastKnownFileType = sourcecode.swift; path = PhotoSaver.swift; sourceTree = "<group>"; };
		C4D039FC2B0A33DB00FBFA01 /* PexelsDemo.app */ = {isa = PBXFileReference; explicitFileType = wrapper.application; includeInIndex = 0; path = PexelsDemo.app; sourceTree = BUILT_PRODUCTS_DIR; };
		C4D039FF2B0A33DB00FBFA01 /* PexelsDemoApp.swift */ = {isa = PBXFileReference; lastKnownFileType = sourcecode.swift; path = PexelsDemoApp.swift; sourceTree = "<group>"; };
		C4D03A012B0A33DB00FBFA01 /* PhotoListView.swift */ = {isa = PBXFileReference; lastKnownFileType = sourcecode.swift; path = PhotoListView.swift; sourceTree = "<group>"; };
		C4D03A0C2B0A33DC00FBFA01 /* PexelsDemoTests.xctest */ = {isa = PBXFileReference; explicitFileType = wrapper.cfbundle; includeInIndex = 0; path = PexelsDemoTests.xctest; sourceTree = BUILT_PRODUCTS_DIR; };
		C4D03A162B0A33DC00FBFA01 /* PexelsDemoUITests.xctest */ = {isa = PBXFileReference; explicitFileType = wrapper.cfbundle; includeInIndex = 0; path = PexelsDemoUITests.xctest; sourceTree = BUILT_PRODUCTS_DIR; };
		C4D03A2A2B0A348600FBFA01 /* PhotoListViewModel.swift */ = {isa = PBXFileReference; lastKnownFileType = sourcecode.swift; path = PhotoListViewModel.swift; sourceTree = "<group>"; };
		C4D03A2E2B0A357400FBFA01 /* PhotoService.swift */ = {isa = PBXFileReference; lastKnownFileType = sourcecode.swift; path = PhotoService.swift; sourceTree = "<group>"; };
		C4D03A302B0A35EC00FBFA01 /* PhotoDto.swift */ = {isa = PBXFileReference; lastKnownFileType = sourcecode.swift; path = PhotoDto.swift; sourceTree = "<group>"; };
		C4D03A322B0A372800FBFA01 /* PhotoPageDto.swift */ = {isa = PBXFileReference; lastKnownFileType = sourcecode.swift; path = PhotoPageDto.swift; sourceTree = "<group>"; };
		C4D03A352B0A5B4F00FBFA01 /* Photo.swift */ = {isa = PBXFileReference; lastKnownFileType = sourcecode.swift; path = Photo.swift; sourceTree = "<group>"; };
		C4D03A372B0A5B5800FBFA01 /* PhotoPage.swift */ = {isa = PBXFileReference; lastKnownFileType = sourcecode.swift; path = PhotoPage.swift; sourceTree = "<group>"; };
		C4D03A3A2B0A73A400FBFA01 /* PhotoView.swift */ = {isa = PBXFileReference; lastKnownFileType = sourcecode.swift; path = PhotoView.swift; sourceTree = "<group>"; };
		C4D284F92B0A9F7800B408B7 /* PhotoViewModel.swift */ = {isa = PBXFileReference; lastKnownFileType = sourcecode.swift; path = PhotoViewModel.swift; sourceTree = "<group>"; };
/* End PBXFileReference section */

/* Begin PBXFrameworksBuildPhase section */
		C4D039F92B0A33DB00FBFA01 /* Frameworks */ = {
			isa = PBXFrameworksBuildPhase;
			buildActionMask = 2147483647;
			files = (
			);
			runOnlyForDeploymentPostprocessing = 0;
		};
		C4D03A092B0A33DC00FBFA01 /* Frameworks */ = {
			isa = PBXFrameworksBuildPhase;
			buildActionMask = 2147483647;
			files = (
			);
			runOnlyForDeploymentPostprocessing = 0;
		};
		C4D03A132B0A33DC00FBFA01 /* Frameworks */ = {
			isa = PBXFrameworksBuildPhase;
			buildActionMask = 2147483647;
			files = (
			);
			runOnlyForDeploymentPostprocessing = 0;
		};
/* End PBXFrameworksBuildPhase section */

/* Begin PBXGroup section */
		C4D039F32B0A33DB00FBFA01 = {
			isa = PBXGroup;
			children = (
				C4D039FE2B0A33DB00FBFA01 /* PexelsDemo */,
				C4D039FD2B0A33DB00FBFA01 /* Products */,
			);
			sourceTree = "<group>";
		};
		C4D039FD2B0A33DB00FBFA01 /* Products */ = {
			isa = PBXGroup;
			children = (
				C4D039FC2B0A33DB00FBFA01 /* PexelsDemo.app */,
				C4D03A0C2B0A33DC00FBFA01 /* PexelsDemoTests.xctest */,
				C4D03A162B0A33DC00FBFA01 /* PexelsDemoUITests.xctest */,
			);
			name = Products;
			sourceTree = "<group>";
		};
		C4D039FE2B0A33DB00FBFA01 /* PexelsDemo */ = {
			isa = PBXGroup;
			children = (
				C4D039FF2B0A33DB00FBFA01 /* PexelsDemoApp.swift */,
				C4D03A342B0A5B1A00FBFA01 /* Dto */,
				C4D03A2C2B0A349A00FBFA01 /* Service */,
				C4D03A2D2B0A34BA00FBFA01 /* Model */,
				C4D03A292B0A344300FBFA01 /* List */,
				C4D03A392B0A739800FBFA01 /* Photo */,
			);
			path = PexelsDemo;
			sourceTree = "<group>";
		};
		C4D03A292B0A344300FBFA01 /* List */ = {
			isa = PBXGroup;
			children = (
				C4D03A012B0A33DB00FBFA01 /* PhotoListView.swift */,
				C4D03A2A2B0A348600FBFA01 /* PhotoListViewModel.swift */,
			);
			path = List;
			sourceTree = "<group>";
		};
		C4D03A2C2B0A349A00FBFA01 /* Service */ = {
			isa = PBXGroup;
			children = (
				C4D03A2E2B0A357400FBFA01 /* PhotoService.swift */,
			);
			path = Service;
			sourceTree = "<group>";
		};
		C4D03A2D2B0A34BA00FBFA01 /* Model */ = {
			isa = PBXGroup;
			children = (
				C4D03A352B0A5B4F00FBFA01 /* Photo.swift */,
				C4D03A372B0A5B5800FBFA01 /* PhotoPage.swift */,
			);
			path = Model;
			sourceTree = "<group>";
		};
		C4D03A342B0A5B1A00FBFA01 /* Dto */ = {
			isa = PBXGroup;
			children = (
				C4D03A302B0A35EC00FBFA01 /* PhotoDto.swift */,
				C4D03A322B0A372800FBFA01 /* PhotoPageDto.swift */,
			);
			path = Dto;
			sourceTree = "<group>";
		};
		C4D03A392B0A739800FBFA01 /* Photo */ = {
			isa = PBXGroup;
			children = (
				C4D03A3A2B0A73A400FBFA01 /* PhotoView.swift */,
				C4D284F92B0A9F7800B408B7 /* PhotoViewModel.swift */,
				C412296E2B0F728500A0DBCD /* PhotoSaver.swift */,
			);
			path = Photo;
			sourceTree = "<group>";
		};
/* End PBXGroup section */

/* Begin PBXNativeTarget section */
		C4D039FB2B0A33DB00FBFA01 /* PexelsDemo */ = {
			isa = PBXNativeTarget;
			buildConfigurationList = C4D03A202B0A33DC00FBFA01 /* Build configuration list for PBXNativeTarget "PexelsDemo" */;
			buildPhases = (
				C4D039F82B0A33DB00FBFA01 /* Sources */,
				C4D039F92B0A33DB00FBFA01 /* Frameworks */,
				C4D039FA2B0A33DB00FBFA01 /* Resources */,
			);
			buildRules = (
			);
			dependencies = (
			);
			name = PexelsDemo;
			productName = PexelsDemo;
			productReference = C4D039FC2B0A33DB00FBFA01 /* PexelsDemo.app */;
			productType = "com.apple.product-type.application";
		};
		C4D03A0B2B0A33DC00FBFA01 /* PexelsDemoTests */ = {
			isa = PBXNativeTarget;
			buildConfigurationList = C4D03A232B0A33DC00FBFA01 /* Build configuration list for PBXNativeTarget "PexelsDemoTests" */;
			buildPhases = (
				C4D03A082B0A33DC00FBFA01 /* Sources */,
				C4D03A092B0A33DC00FBFA01 /* Frameworks */,
				C4D03A0A2B0A33DC00FBFA01 /* Resources */,
			);
			buildRules = (
			);
			dependencies = (
				C4D03A0E2B0A33DC00FBFA01 /* PBXTargetDependency */,
			);
			name = PexelsDemoTests;
			productName = PexelsDemoTests;
			productReference = C4D03A0C2B0A33DC00FBFA01 /* PexelsDemoTests.xctest */;
			productType = "com.apple.product-type.bundle.unit-test";
		};
		C4D03A152B0A33DC00FBFA01 /* PexelsDemoUITests */ = {
			isa = PBXNativeTarget;
			buildConfigurationList = C4D03A262B0A33DC00FBFA01 /* Build configuration list for PBXNativeTarget "PexelsDemoUITests" */;
			buildPhases = (
				C4D03A122B0A33DC00FBFA01 /* Sources */,
				C4D03A132B0A33DC00FBFA01 /* Frameworks */,
				C4D03A142B0A33DC00FBFA01 /* Resources */,
			);
			buildRules = (
			);
			dependencies = (
				C4D03A182B0A33DC00FBFA01 /* PBXTargetDependency */,
			);
			name = PexelsDemoUITests;
			productName = PexelsDemoUITests;
			productReference = C4D03A162B0A33DC00FBFA01 /* PexelsDemoUITests.xctest */;
			productType = "com.apple.product-type.bundle.ui-testing";
		};
/* End PBXNativeTarget section */

/* Begin PBXProject section */
		C4D039F42B0A33DB00FBFA01 /* Project object */ = {
			isa = PBXProject;
			attributes = {
				BuildIndependentTargetsInParallel = 1;
				LastSwiftUpdateCheck = 1430;
				LastUpgradeCheck = 1430;
				TargetAttributes = {
					C4D039FB2B0A33DB00FBFA01 = {
						CreatedOnToolsVersion = 14.3;
					};
					C4D03A0B2B0A33DC00FBFA01 = {
						CreatedOnToolsVersion = 14.3;
						TestTargetID = C4D039FB2B0A33DB00FBFA01;
					};
					C4D03A152B0A33DC00FBFA01 = {
						CreatedOnToolsVersion = 14.3;
						TestTargetID = C4D039FB2B0A33DB00FBFA01;
					};
				};
			};
			buildConfigurationList = C4D039F72B0A33DB00FBFA01 /* Build configuration list for PBXProject "PexelsDemo" */;
			compatibilityVersion = "Xcode 14.0";
			developmentRegion = en;
			hasScannedForEncodings = 0;
			knownRegions = (
				en,
				Base,
			);
			mainGroup = C4D039F32B0A33DB00FBFA01;
			productRefGroup = C4D039FD2B0A33DB00FBFA01 /* Products */;
			projectDirPath = "";
			projectRoot = "";
			targets = (
				C4D039FB2B0A33DB00FBFA01 /* PexelsDemo */,
				C4D03A0B2B0A33DC00FBFA01 /* PexelsDemoTests */,
				C4D03A152B0A33DC00FBFA01 /* PexelsDemoUITests */,
			);
		};
/* End PBXProject section */

/* Begin PBXResourcesBuildPhase section */
		C4D039FA2B0A33DB00FBFA01 /* Resources */ = {
			isa = PBXResourcesBuildPhase;
			buildActionMask = 2147483647;
			files = (
			);
			runOnlyForDeploymentPostprocessing = 0;
		};
		C4D03A0A2B0A33DC00FBFA01 /* Resources */ = {
			isa = PBXResourcesBuildPhase;
			buildActionMask = 2147483647;
			files = (
			);
			runOnlyForDeploymentPostprocessing = 0;
		};
		C4D03A142B0A33DC00FBFA01 /* Resources */ = {
			isa = PBXResourcesBuildPhase;
			buildActionMask = 2147483647;
			files = (
			);
			runOnlyForDeploymentPostprocessing = 0;
		};
/* End PBXResourcesBuildPhase section */

/* Begin PBXSourcesBuildPhase section */
		C4D039F82B0A33DB00FBFA01 /* Sources */ = {
			isa = PBXSourcesBuildPhase;
			buildActionMask = 2147483647;
			files = (
				C4D03A362B0A5B4F00FBFA01 /* Photo.swift in Sources */,
				C4D03A382B0A5B5800FBFA01 /* PhotoPage.swift in Sources */,
				C4D03A2F2B0A357400FBFA01 /* PhotoService.swift in Sources */,
				C4D03A3B2B0A73A400FBFA01 /* PhotoView.swift in Sources */,
				C4D03A332B0A372800FBFA01 /* PhotoPageDto.swift in Sources */,
				C4D03A022B0A33DB00FBFA01 /* PhotoListView.swift in Sources */,
				C4D03A2B2B0A348600FBFA01 /* PhotoListViewModel.swift in Sources */,
				C4D03A002B0A33DB00FBFA01 /* PexelsDemoApp.swift in Sources */,
				C4D03A312B0A35EC00FBFA01 /* PhotoDto.swift in Sources */,
				C412296F2B0F728500A0DBCD /* PhotoSaver.swift in Sources */,
				C4D284FA2B0A9F7800B408B7 /* PhotoViewModel.swift in Sources */,
			);
			runOnlyForDeploymentPostprocessing = 0;
		};
		C4D03A082B0A33DC00FBFA01 /* Sources */ = {
			isa = PBXSourcesBuildPhase;
			buildActionMask = 2147483647;
			files = (
			);
			runOnlyForDeploymentPostprocessing = 0;
		};
		C4D03A122B0A33DC00FBFA01 /* Sources */ = {
			isa = PBXSourcesBuildPhase;
			buildActionMask = 2147483647;
			files = (
			);
			runOnlyForDeploymentPostprocessing = 0;
		};
/* End PBXSourcesBuildPhase section */

/* Begin PBXTargetDependency section */
		C4D03A0E2B0A33DC00FBFA01 /* PBXTargetDependency */ = {
			isa = PBXTargetDependency;
			target = C4D039FB2B0A33DB00FBFA01 /* PexelsDemo */;
			targetProxy = C4D03A0D2B0A33DC00FBFA01 /* PBXContainerItemProxy */;
		};
		C4D03A182B0A33DC00FBFA01 /* PBXTargetDependency */ = {
			isa = PBXTargetDependency;
			target = C4D039FB2B0A33DB00FBFA01 /* PexelsDemo */;
			targetProxy = C4D03A172B0A33DC00FBFA01 /* PBXContainerItemProxy */;
		};
/* End PBXTargetDependency section */

/* Begin XCBuildConfiguration section */
		C4D03A1E2B0A33DC00FBFA01 /* Debug */ = {
			isa = XCBuildConfiguration;
			buildSettings = {
				ALWAYS_SEARCH_USER_PATHS = NO;
				CLANG_ANALYZER_NONNULL = YES;
				CLANG_ANALYZER_NUMBER_OBJECT_CONVERSION = YES_AGGRESSIVE;
				CLANG_CXX_LANGUAGE_STANDARD = "gnu++20";
				CLANG_ENABLE_MODULES = YES;
				CLANG_ENABLE_OBJC_ARC = YES;
				CLANG_ENABLE_OBJC_WEAK = YES;
				CLANG_WARN_BLOCK_CAPTURE_AUTORELEASING = YES;
				CLANG_WARN_BOOL_CONVERSION = YES;
				CLANG_WARN_COMMA = YES;
				CLANG_WARN_CONSTANT_CONVERSION = YES;
				CLANG_WARN_DEPRECATED_OBJC_IMPLEMENTATIONS = YES;
				CLANG_WARN_DIRECT_OBJC_ISA_USAGE = YES_ERROR;
				CLANG_WARN_DOCUMENTATION_COMMENTS = YES;
				CLANG_WARN_EMPTY_BODY = YES;
				CLANG_WARN_ENUM_CONVERSION = YES;
				CLANG_WARN_INFINITE_RECURSION = YES;
				CLANG_WARN_INT_CONVERSION = YES;
				CLANG_WARN_NON_LITERAL_NULL_CONVERSION = YES;
				CLANG_WARN_OBJC_IMPLICIT_RETAIN_SELF = YES;
				CLANG_WARN_OBJC_LITERAL_CONVERSION = YES;
				CLANG_WARN_OBJC_ROOT_CLASS = YES_ERROR;
				CLANG_WARN_QUOTED_INCLUDE_IN_FRAMEWORK_HEADER = YES;
				CLANG_WARN_RANGE_LOOP_ANALYSIS = YES;
				CLANG_WARN_STRICT_PROTOTYPES = YES;
				CLANG_WARN_SUSPICIOUS_MOVE = YES;
				CLANG_WARN_UNGUARDED_AVAILABILITY = YES_AGGRESSIVE;
				CLANG_WARN_UNREACHABLE_CODE = YES;
				CLANG_WARN__DUPLICATE_METHOD_MATCH = YES;
				COPY_PHASE_STRIP = NO;
				DEBUG_INFORMATION_FORMAT = dwarf;
				ENABLE_STRICT_OBJC_MSGSEND = YES;
				ENABLE_TESTABILITY = YES;
				GCC_C_LANGUAGE_STANDARD = gnu11;
				GCC_DYNAMIC_NO_PIC = NO;
				GCC_NO_COMMON_BLOCKS = YES;
				GCC_OPTIMIZATION_LEVEL = 0;
				GCC_PREPROCESSOR_DEFINITIONS = (
					"DEBUG=1",
					"$(inherited)",
				);
				GCC_WARN_64_TO_32_BIT_CONVERSION = YES;
				GCC_WARN_ABOUT_RETURN_TYPE = YES_ERROR;
				GCC_WARN_UNDECLARED_SELECTOR = YES;
				GCC_WARN_UNINITIALIZED_AUTOS = YES_AGGRESSIVE;
				GCC_WARN_UNUSED_FUNCTION = YES;
				GCC_WARN_UNUSED_VARIABLE = YES;
				IPHONEOS_DEPLOYMENT_TARGET = 16.4;
				MTL_ENABLE_DEBUG_INFO = INCLUDE_SOURCE;
				MTL_FAST_MATH = YES;
				ONLY_ACTIVE_ARCH = YES;
				SDKROOT = iphoneos;
				SWIFT_ACTIVE_COMPILATION_CONDITIONS = DEBUG;
				SWIFT_OPTIMIZATION_LEVEL = "-Onone";
			};
			name = Debug;
		};
		C4D03A1F2B0A33DC00FBFA01 /* Release */ = {
			isa = XCBuildConfiguration;
			buildSettings = {
				ALWAYS_SEARCH_USER_PATHS = NO;
				CLANG_ANALYZER_NONNULL = YES;
				CLANG_ANALYZER_NUMBER_OBJECT_CONVERSION = YES_AGGRESSIVE;
				CLANG_CXX_LANGUAGE_STANDARD = "gnu++20";
				CLANG_ENABLE_MODULES = YES;
				CLANG_ENABLE_OBJC_ARC = YES;
				CLANG_ENABLE_OBJC_WEAK = YES;
				CLANG_WARN_BLOCK_CAPTURE_AUTORELEASING = YES;
				CLANG_WARN_BOOL_CONVERSION = YES;
				CLANG_WARN_COMMA = YES;
				CLANG_WARN_CONSTANT_CONVERSION = YES;
				CLANG_WARN_DEPRECATED_OBJC_IMPLEMENTATIONS = YES;
				CLANG_WARN_DIRECT_OBJC_ISA_USAGE = YES_ERROR;
				CLANG_WARN_DOCUMENTATION_COMMENTS = YES;
				CLANG_WARN_EMPTY_BODY = YES;
				CLANG_WARN_ENUM_CONVERSION = YES;
				CLANG_WARN_INFINITE_RECURSION = YES;
				CLANG_WARN_INT_CONVERSION = YES;
				CLANG_WARN_NON_LITERAL_NULL_CONVERSION = YES;
				CLANG_WARN_OBJC_IMPLICIT_RETAIN_SELF = YES;
				CLANG_WARN_OBJC_LITERAL_CONVERSION = YES;
				CLANG_WARN_OBJC_ROOT_CLASS = YES_ERROR;
				CLANG_WARN_QUOTED_INCLUDE_IN_FRAMEWORK_HEADER = YES;
				CLANG_WARN_RANGE_LOOP_ANALYSIS = YES;
				CLANG_WARN_STRICT_PROTOTYPES = YES;
				CLANG_WARN_SUSPICIOUS_MOVE = YES;
				CLANG_WARN_UNGUARDED_AVAILABILITY = YES_AGGRESSIVE;
				CLANG_WARN_UNREACHABLE_CODE = YES;
				CLANG_WARN__DUPLICATE_METHOD_MATCH = YES;
				COPY_PHASE_STRIP = NO;
				DEBUG_INFORMATION_FORMAT = "dwarf-with-dsym";
				ENABLE_NS_ASSERTIONS = NO;
				ENABLE_STRICT_OBJC_MSGSEND = YES;
				GCC_C_LANGUAGE_STANDARD = gnu11;
				GCC_NO_COMMON_BLOCKS = YES;
				GCC_WARN_64_TO_32_BIT_CONVERSION = YES;
				GCC_WARN_ABOUT_RETURN_TYPE = YES_ERROR;
				GCC_WARN_UNDECLARED_SELECTOR = YES;
				GCC_WARN_UNINITIALIZED_AUTOS = YES_AGGRESSIVE;
				GCC_WARN_UNUSED_FUNCTION = YES;
				GCC_WARN_UNUSED_VARIABLE = YES;
				IPHONEOS_DEPLOYMENT_TARGET = 16.4;
				MTL_ENABLE_DEBUG_INFO = NO;
				MTL_FAST_MATH = YES;
				SDKROOT = iphoneos;
				SWIFT_COMPILATION_MODE = wholemodule;
				SWIFT_OPTIMIZATION_LEVEL = "-O";
				VALIDATE_PRODUCT = YES;
			};
			name = Release;
		};
		C4D03A212B0A33DC00FBFA01 /* Debug */ = {
			isa = XCBuildConfiguration;
			buildSettings = {
				ASSETCATALOG_COMPILER_APPICON_NAME = AppIcon;
				ASSETCATALOG_COMPILER_GLOBAL_ACCENT_COLOR_NAME = AccentColor;
				CODE_SIGN_STYLE = Automatic;
				CURRENT_PROJECT_VERSION = 1;
				DEVELOPMENT_TEAM = F6QN2X5PYG;
				ENABLE_PREVIEWS = YES;
				GENERATE_INFOPLIST_FILE = YES;
				INFOPLIST_KEY_NSPhotoLibraryUsageDescription = "Photo Library access is needed to save photos";
				INFOPLIST_KEY_UIApplicationSceneManifest_Generation = YES;
				INFOPLIST_KEY_UIApplicationSupportsIndirectInputEvents = YES;
				INFOPLIST_KEY_UILaunchScreen_Generation = YES;
				INFOPLIST_KEY_UISupportedInterfaceOrientations_iPad = "UIInterfaceOrientationPortrait UIInterfaceOrientationPortraitUpsideDown UIInterfaceOrientationLandscapeLeft UIInterfaceOrientationLandscapeRight";
				INFOPLIST_KEY_UISupportedInterfaceOrientations_iPhone = "UIInterfaceOrientationPortrait UIInterfaceOrientationLandscapeLeft UIInterfaceOrientationLandscapeRight";
				LD_RUNPATH_SEARCH_PATHS = (
					"$(inherited)",
					"@executable_path/Frameworks",
				);
				MARKETING_VERSION = 1.0;
				PRODUCT_BUNDLE_IDENTIFIER = com.yegor.PexelsDemo;
				PRODUCT_NAME = "$(TARGET_NAME)";
				SWIFT_EMIT_LOC_STRINGS = YES;
				SWIFT_VERSION = 5.0;
				TARGETED_DEVICE_FAMILY = "1,2";
			};
			name = Debug;
		};
		C4D03A222B0A33DC00FBFA01 /* Release */ = {
			isa = XCBuildConfiguration;
			buildSettings = {
				ASSETCATALOG_COMPILER_APPICON_NAME = AppIcon;
				ASSETCATALOG_COMPILER_GLOBAL_ACCENT_COLOR_NAME = AccentColor;
				CODE_SIGN_STYLE = Automatic;
				CURRENT_PROJECT_VERSION = 1;
				DEVELOPMENT_TEAM = F6QN2X5PYG;
				ENABLE_PREVIEWS = YES;
				GENERATE_INFOPLIST_FILE = YES;
				INFOPLIST_KEY_NSPhotoLibraryUsageDescription = "Photo Library access is needed to save photos";
				INFOPLIST_KEY_UIApplicationSceneManifest_Generation = YES;
				INFOPLIST_KEY_UIApplicationSupportsIndirectInputEvents = YES;
				INFOPLIST_KEY_UILaunchScreen_Generation = YES;
				INFOPLIST_KEY_UISupportedInterfaceOrientations_iPad = "UIInterfaceOrientationPortrait UIInterfaceOrientationPortraitUpsideDown UIInterfaceOrientationLandscapeLeft UIInterfaceOrientationLandscapeRight";
				INFOPLIST_KEY_UISupportedInterfaceOrientations_iPhone = "UIInterfaceOrientationPortrait UIInterfaceOrientationLandscapeLeft UIInterfaceOrientationLandscapeRight";
				LD_RUNPATH_SEARCH_PATHS = (
					"$(inherited)",
					"@executable_path/Frameworks",
				);
				MARKETING_VERSION = 1.0;
				PRODUCT_BUNDLE_IDENTIFIER = com.yegor.PexelsDemo;
				PRODUCT_NAME = "$(TARGET_NAME)";
				SWIFT_EMIT_LOC_STRINGS = YES;
				SWIFT_VERSION = 5.0;
				TARGETED_DEVICE_FAMILY = "1,2";
			};
			name = Release;
		};
		C4D03A242B0A33DC00FBFA01 /* Debug */ = {
			isa = XCBuildConfiguration;
			buildSettings = {
				ALWAYS_EMBED_SWIFT_STANDARD_LIBRARIES = YES;
				BUNDLE_LOADER = "$(TEST_HOST)";
				CODE_SIGN_STYLE = Automatic;
				CURRENT_PROJECT_VERSION = 1;
				GENERATE_INFOPLIST_FILE = YES;
				IPHONEOS_DEPLOYMENT_TARGET = 16.4;
				MARKETING_VERSION = 1.0;
				PRODUCT_BUNDLE_IDENTIFIER = com.yegor.PexelsDemoTests;
				PRODUCT_NAME = "$(TARGET_NAME)";
				SWIFT_EMIT_LOC_STRINGS = NO;
				SWIFT_VERSION = 5.0;
				TARGETED_DEVICE_FAMILY = "1,2";
				TEST_HOST = "$(BUILT_PRODUCTS_DIR)/PexelsDemo.app/$(BUNDLE_EXECUTABLE_FOLDER_PATH)/PexelsDemo";
			};
			name = Debug;
		};
		C4D03A252B0A33DC00FBFA01 /* Release */ = {
			isa = XCBuildConfiguration;
			buildSettings = {
				ALWAYS_EMBED_SWIFT_STANDARD_LIBRARIES = YES;
				BUNDLE_LOADER = "$(TEST_HOST)";
				CODE_SIGN_STYLE = Automatic;
				CURRENT_PROJECT_VERSION = 1;
				GENERATE_INFOPLIST_FILE = YES;
				IPHONEOS_DEPLOYMENT_TARGET = 16.4;
				MARKETING_VERSION = 1.0;
				PRODUCT_BUNDLE_IDENTIFIER = com.yegor.PexelsDemoTests;
				PRODUCT_NAME = "$(TARGET_NAME)";
				SWIFT_EMIT_LOC_STRINGS = NO;
				SWIFT_VERSION = 5.0;
				TARGETED_DEVICE_FAMILY = "1,2";
				TEST_HOST = "$(BUILT_PRODUCTS_DIR)/PexelsDemo.app/$(BUNDLE_EXECUTABLE_FOLDER_PATH)/PexelsDemo";
			};
			name = Release;
		};
		C4D03A272B0A33DC00FBFA01 /* Debug */ = {
			isa = XCBuildConfiguration;
			buildSettings = {
				ALWAYS_EMBED_SWIFT_STANDARD_LIBRARIES = YES;
				CODE_SIGN_STYLE = Automatic;
				CURRENT_PROJECT_VERSION = 1;
				GENERATE_INFOPLIST_FILE = YES;
				MARKETING_VERSION = 1.0;
				PRODUCT_BUNDLE_IDENTIFIER = com.yegor.PexelsDemoUITests;
				PRODUCT_NAME = "$(TARGET_NAME)";
				SWIFT_EMIT_LOC_STRINGS = NO;
				SWIFT_VERSION = 5.0;
				TARGETED_DEVICE_FAMILY = "1,2";
				TEST_TARGET_NAME = PexelsDemo;
			};
			name = Debug;
		};
		C4D03A282B0A33DC00FBFA01 /* Release */ = {
			isa = XCBuildConfiguration;
			buildSettings = {
				ALWAYS_EMBED_SWIFT_STANDARD_LIBRARIES = YES;
				CODE_SIGN_STYLE = Automatic;
				CURRENT_PROJECT_VERSION = 1;
				GENERATE_INFOPLIST_FILE = YES;
				MARKETING_VERSION = 1.0;
				PRODUCT_BUNDLE_IDENTIFIER = com.yegor.PexelsDemoUITests;
				PRODUCT_NAME = "$(TARGET_NAME)";
				SWIFT_EMIT_LOC_STRINGS = NO;
				SWIFT_VERSION = 5.0;
				TARGETED_DEVICE_FAMILY = "1,2";
				TEST_TARGET_NAME = PexelsDemo;
			};
			name = Release;
		};
/* End XCBuildConfiguration section */

/* Begin XCConfigurationList section */
		C4D039F72B0A33DB00FBFA01 /* Build configuration list for PBXProject "PexelsDemo" */ = {
			isa = XCConfigurationList;
			buildConfigurations = (
				C4D03A1E2B0A33DC00FBFA01 /* Debug */,
				C4D03A1F2B0A33DC00FBFA01 /* Release */,
			);
			defaultConfigurationIsVisible = 0;
			defaultConfigurationName = Release;
		};
		C4D03A202B0A33DC00FBFA01 /* Build configuration list for PBXNativeTarget "PexelsDemo" */ = {
			isa = XCConfigurationList;
			buildConfigurations = (
				C4D03A212B0A33DC00FBFA01 /* Debug */,
				C4D03A222B0A33DC00FBFA01 /* Release */,
			);
			defaultConfigurationIsVisible = 0;
			defaultConfigurationName = Release;
		};
		C4D03A232B0A33DC00FBFA01 /* Build configuration list for PBXNativeTarget "PexelsDemoTests" */ = {
			isa = XCConfigurationList;
			buildConfigurations = (
				C4D03A242B0A33DC00FBFA01 /* Debug */,
				C4D03A252B0A33DC00FBFA01 /* Release */,
			);
			defaultConfigurationIsVisible = 0;
			defaultConfigurationName = Release;
		};
		C4D03A262B0A33DC00FBFA01 /* Build configuration list for PBXNativeTarget "PexelsDemoUITests" */ = {
			isa = XCConfigurationList;
			buildConfigurations = (
				C4D03A272B0A33DC00FBFA01 /* Debug */,
				C4D03A282B0A33DC00FBFA01 /* Release */,
			);
			defaultConfigurationIsVisible = 0;
			defaultConfigurationName = Release;
		};
/* End XCConfigurationList section */
	};
	rootObject = C4D039F42B0A33DB00FBFA01 /* Project object */;
}
